core:changelogs:
  - content: "---\npackages:\n  npm:@oxlint-config-inspector/core:\n    type: patch\n  npm:oxlint-config-inspector:\n    type: patch\n---\n\n## Include Oxlint default plugins\n\nEmpty configurations now report correctness rules from TypeScript, Unicorn, and Oxc as warnings, matching Oxlint's default plugin set.\n"
    filename: 2026-07-15-9d37a6.md
    v: 0.0.0
core:packages:
  - id: npm:@oxlint-config-inspector/root
    updated: false
  - id: npm:@oxlint-config-inspector/app
    updated: false
  - changelogIds:
      - 2026-07-15-9d37a6.md
    id: npm:oxlint-config-inspector
    updated: true
  - changelogIds:
      - 2026-07-15-9d37a6.md
    id: npm:@oxlint-config-inspector/core
    updated: true
npm:packages:
  - id: npm:@oxlint-config-inspector/root
  - id: npm:@oxlint-config-inspector/app
  - id: npm:oxlint-config-inspector
  - id: npm:@oxlint-config-inspector/core
